
Microsoft Visual Studio Solution File, Format Version 12.00
# Visual Studio Version 16
VisualStudioVersion = 16.0.30204.135
MinimumVisualStudioVersion = 10.0.40219.1
Project("{FAE04EC0-301F-11D3-BF4B-00C04F79EFBC}") = "Bmes", "Bmes\Bmes.csproj", "{4509423D-BC4E-4B09-A421-D33CB6520852}"
EndProject
Global
	GlobalSection(SolutionConfigurationPlatforms) = preSolution
		Debug|Any CPU = Debug|Any CPU
		Release|Any CPU = Release|Any CPU
	EndGlobalSection
	GlobalSection(ProjectConfigurationPlatforms) = postSolution
		{4509423D-BC4E-4B09-A421-D33CB6520852}.Debug|Any CPU.ActiveCfg = Debug|Any CPU
		{4509423D-BC4E-4B09-A421-D33CB6520852}.Debug|Any CPU.Build.0 = Debug|Any CPU
		{4509423D-BC4E-4B09-A421-D33CB6520852}.Release|Any CPU.ActiveCfg = Release|Any CPU
		{4509423D-BC4E-4B09-A421-D33CB6520852}.Release|Any CPU.Build.0 = Release|Any CPU
	EndGlobalSection
	GlobalSection(SolutionProperties) = preSolution
		HideSolutionNode = FALSE
	EndGlobalSection
	GlobalSection(ExtensibilityGlobals) = postSolution
		SolutionGuid = {B94A4EEA-DA80-4C77-8888-821822586A06}
	EndGlobalSection
EndGlobal
